// !$*UTF8*$!
{
	archiveVersion = 1;
	classes = {
	};
	objectVersion = 56;
	objects = {

/* Begin PBXBuildFile section */
		9FB2FE712C58EAED00332221 /* CustomMenuApp.swift in Sources */ = {isa = PBXBuildFile; fileRef = 9FB2FE702C58EAED00332221 /* CustomMenuApp.swift */; };
		9FB2FE732C58EAED00332221 /* ContentView.swift in Sources */ = {isa = PBXBuildFile; fileRef = 9FB2FE722C58EAED00332221 /* ContentView.swift */; };
		9FB2FE752C58EAEE00332221 /* Assets.xcassets in Resources */ = {isa = PBXBuildFile; fileRef = 9FB2FE742C58EAEE00332221 /* Assets.xcassets */; };
		9FB2FE782C58EAEE00332221 /* Preview Assets.xcassets in Resources */ = {isa = PBXBuildFile; fileRef = 9FB2FE772C58EAEE00332221 /* Preview Assets.xcassets */; };
		9FB2FE822C58EAEF00332221 /* CustomMenuTests.swift in Sources */ = {isa = PBXBuildFile; fileRef = 9FB2FE812C58EAEF00332221 /* CustomMenuTests.swift */; };
		9FB2FE8C2C58EAEF00332221 /* CustomMenuUITests.swift in Sources */ = {isa = PBXBuildFile; fileRef = 9FB2FE8B2C58EAEF00332221 /* CustomMenuUITests.swift */; };
		9FB2FE8E2C58EAEF00332221 /* CustomMenuUITestsLaunchTests.swift in Sources */ = {isa = PBXBuildFile; fileRef = 9FB2FE8D2C58EAEF00332221 /* CustomMenuUITestsLaunchTests.swift */; };
		9FF824852C6F151D003CCBA6 /* sampleView.swift in Sources */ = {isa = PBXBuildFile; fileRef = 9FF824842C6F151D003CCBA6 /* sampleView.swift */; };
/* End PBXBuildFile section */

/* Begin PBXContainerItemProxy section */
		9FB2FE7E2C58EAEF00332221 /* PBXContainerItemProxy */ = {
			isa = PBXContainerItemProxy;
			containerPortal = 9FB2FE652C58EAED00332221 /* Project object */;
			proxyType = 1;
			remoteGlobalIDString = 9FB2FE6C2C58EAED00332221;
			remoteInfo = CustomMenu;
		};
		9FB2FE882C58EAEF00332221 /* PBXContainerItemProxy */ = {
			isa = PBXContainerItemProxy;
			containerPortal = 9FB2FE652C58EAED00332221 /* Project object */;
			proxyType = 1;
			remoteGlobalIDString = 9FB2FE6C2C58EAED00332221;
			remoteInfo = CustomMenu;
		};
/* End PBXContainerItemProxy section */

/* Begin PBXFileReference section */
		9FB2FE6D2C58EAED00332221 /* CustomMenu.app */ = {isa = PBXFileReference; explicitFileType = wrapper.application; includeInIndex = 0; path = CustomMenu.app; sourceTree = BUILT_PRODUCTS_DIR; };
		9FB2FE702C58EAED00332221 /* CustomMenuApp.swift */ = {isa = PBXFileReference; lastKnownFileType = sourcecode.swift; path = CustomMenuApp.swift; sourceTree = "<group>"; };
		9FB2FE722C58EAED00332221 /* ContentView.swift */ = {isa = PBXFileReference; lastKnownFileType = sourcecode.swift; path = ContentView.swift; sourceTree = "<group>"; };
		9FB2FE742C58EAEE00332221 /* Assets.xcassets */ = {isa = PBXFileReference; lastKnownFileType = folder.assetcatalog; path = Assets.xcassets; sourceTree = "<group>"; };
		9FB2FE772C58EAEE00332221 /* Preview Assets.xcassets */ = {isa = PBXFileReference; lastKnownFileType = folder.assetcatalog; path = "Preview Assets.xcassets"; sourceTree = "<group>"; };
		9FB2FE7D2C58EAEF00332221 /* CustomMenuTests.xctest */ = {isa = PBXFileReference; explicitFileType = wrapper.cfbundle; includeInIndex = 0; path = CustomMenuTests.xctest; sourceTree = BUILT_PRODUCTS_DIR; };
		9FB2FE812C58EAEF00332221 /* CustomMenuTests.swift */ = {isa = PBXFileReference; lastKnownFileType = sourcecode.swift; path = CustomMenuTests.swift; sourceTree = "<group>"; };
		9FB2FE872C58EAEF00332221 /* CustomMenuUITests.xctest */ = {isa = PBXFileReference; explicitFileType = wrapper.cfbundle; includeInIndex = 0; path = CustomMenuUITests.xctest; sourceTree = BUILT_PRODUCTS_DIR; };
		9FB2FE8B2C58EAEF00332221 /* CustomMenuUITests.swift */ = {isa = PBXFileReference; lastKnownFileType = sourcecode.swift; path = CustomMenuUITests.swift; sourceTree = "<group>"; };
		9FB2FE8D2C58EAEF00332221 /* CustomMenuUITestsLaunchTests.swift */ = {isa = PBXFileReference; lastKnownFileType = sourcecode.swift; path = CustomMenuUITestsLaunchTests.swift; sourceTree = "<group>"; };
		9FF824842C6F151D003CCBA6 /* sampleView.swift */ = {isa = PBXFileReference; lastKnownFileType = sourcecode.swift; path = sampleView.swift; sourceTree = "<group>"; };
/* End PBXFileReference section */

/* Begin PBXFrameworksBuildPhase section */
		9FB2FE6A2C58EAED00332221 /* Frameworks */ = {
			isa = PBXFrameworksBuildPhase;
			buildActionMask = 2147483647;
			files = (
			);
			runOnlyForDeploymentPostprocessing = 0;
		};
		9FB2FE7A2C58EAEF00332221 /* Frameworks */ = {
			isa = PBXFrameworksBuildPhase;
			buildActionMask = 2147483647;
			files = (
			);
			runOnlyForDeploymentPostprocessing = 0;
		};
		9FB2FE842C58EAEF00332221 /* Frameworks */ = {
			isa = PBXFrameworksBuildPhase;
			buildActionMask = 2147483647;
			files = (
			);
			runOnlyForDeploymentPostprocessing = 0;
		};
/* End PBXFrameworksBuildPhase section */

/* Begin PBXGroup section */
		9FB2FE642C58EAED00332221 = {
			isa = PBXGroup;
			children = (
				9FB2FE6F2C58EAED00332221 /* CustomMenu */,
				9FB2FE802C58EAEF00332221 /* CustomMenuTests */,
				9FB2FE8A2C58EAEF00332221 /* CustomMenuUITests */,
				9FB2FE6E2C58EAED00332221 /* Products */,
			);
			sourceTree = "<group>";
		};
		9FB2FE6E2C58EAED00332221 /* Products */ = {
			isa = PBXGroup;
			children = (
				9FB2FE6D2C58EAED00332221 /* CustomMenu.app */,
				9FB2FE7D2C58EAEF00332221 /* CustomMenuTests.xctest */,
				9FB2FE872C58EAEF00332221 /* CustomMenuUITests.xctest */,
			);
			name = Products;
			sourceTree = "<group>";
		};
		9FB2FE6F2C58EAED00332221 /* CustomMenu */ = {
			isa = PBXGroup;
			children = (
				9FB2FE702C58EAED00332221 /* CustomMenuApp.swift */,
				9FB2FE722C58EAED00332221 /* ContentView.swift */,
				9FF824842C6F151D003CCBA6 /* sampleView.swift */,
				9FB2FE742C58EAEE00332221 /* Assets.xcassets */,
				9FB2FE762C58EAEE00332221 /* Preview Content */,
			);
			path = CustomMenu;
			sourceTree = "<group>";
		};
		9FB2FE762C58EAEE00332221 /* Preview Content */ = {
			isa = PBXGroup;
			children = (
				9FB2FE772C58EAEE00332221 /* Preview Assets.xcassets */,
			);
			path = "Preview Content";
			sourceTree = "<group>";
		};
		9FB2FE802C58EAEF00332221 /* CustomMenuTests */ = {
			isa = PBXGroup;
			children = (
				9FB2FE812C58EAEF00332221 /* CustomMenuTests.swift */,
			);
			path = CustomMenuTests;
			sourceTree = "<group>";
		};
		9FB2FE8A2C58EAEF00332221 /* CustomMenuUITests */ = {
			isa = PBXGroup;
			children = (
				9FB2FE8B2C58EAEF00332221 /* CustomMenuUITests.swift */,
				9FB2FE8D2C58EAEF00332221 /* CustomMenuUITestsLaunchTests.swift */,
			);
			path = CustomMenuUITests;
			sourceTree = "<group>";
		};
/* End PBXGroup section */

/* Begin PBXNativeTarget section */
		9FB2FE6C2C58EAED00332221 /* CustomMenu */ = {
			isa = PBXNativeTarget;
			buildConfigurationList = 9FB2FE912C58EAEF00332221 /* Build configuration list for PBXNativeTarget "CustomMenu" */;
			buildPhases = (
				9FB2FE692C58EAED00332221 /* Sources */,
				9FB2FE6A2C58EAED00332221 /* Frameworks */,
				9FB2FE6B2C58EAED00332221 /* Resources */,
			);
			buildRules = (
			);
			dependencies = (
			);
			name = CustomMenu;
			productName = CustomMenu;
			productReference = 9FB2FE6D2C58EAED00332221 /* CustomMenu.app */;
			productType = "com.apple.product-type.application";
		};
		9FB2FE7C2C58EAEF00332221 /* CustomMenuTests */ = {
			isa = PBXNativeTarget;
			buildConfigurationList = 9FB2FE942C58EAEF00332221 /* Build configuration list for PBXNativeTarget "CustomMenuTests" */;
			buildPhases = (
				9FB2FE792C58EAEF00332221 /* Sources */,
				9FB2FE7A2C58EAEF00332221 /* Frameworks */,
				9FB2FE7B2C58EAEF00332221 /* Resources */,
			);
			buildRules = (
			);
			dependencies = (
				9FB2FE7F2C58EAEF00332221 /* PBXTargetDependency */,
			);
			name = CustomMenuTests;
			productName = CustomMenuTests;
			productReference = 9FB2FE7D2C58EAEF00332221 /* CustomMenuTests.xctest */;
			productType = "com.apple.product-type.bundle.unit-test";
		};
		9FB2FE862C58EAEF00332221 /* CustomMenuUITests */ = {
			isa = PBXNativeTarget;
			buildConfigurationList = 9FB2FE972C58EAEF00332221 /* Build configuration list for PBXNativeTarget "CustomMenuUITests" */;
			buildPhases = (
				9FB2FE832C58EAEF00332221 /* Sources */,
				9FB2FE842C58EAEF00332221 /* Frameworks */,
				9FB2FE852C58EAEF00332221 /* Resources */,
			);
			buildRules = (
			);
			dependencies = (
				9FB2FE892C58EAEF00332221 /* PBXTargetDependency */,
			);
			name = CustomMenuUITests;
			productName = CustomMenuUITests;
			productReference = 9FB2FE872C58EAEF00332221 /* CustomMenuUITests.xctest */;
			productType = "com.apple.product-type.bundle.ui-testing";
		};
/* End PBXNativeTarget section */

/* Begin PBXProject section */
		9FB2FE652C58EAED00332221 /* Project object */ = {
			isa = PBXProject;
			attributes = {
				BuildIndependentTargetsInParallel = 1;
				LastSwiftUpdateCheck = 1510;
				LastUpgradeCheck = 1510;
				TargetAttributes = {
					9FB2FE6C2C58EAED00332221 = {
						CreatedOnToolsVersion = 15.1;
					};
					9FB2FE7C2C58EAEF00332221 = {
						CreatedOnToolsVersion = 15.1;
						TestTargetID = 9FB2FE6C2C58EAED00332221;
					};
					9FB2FE862C58EAEF00332221 = {
						CreatedOnToolsVersion = 15.1;
						TestTargetID = 9FB2FE6C2C58EAED00332221;
					};
				};
			};
			buildConfigurationList = 9FB2FE682C58EAED00332221 /* Build configuration list for PBXProject "CustomMenu" */;
			compatibilityVersion = "Xcode 14.0";
			developmentRegion = en;
			hasScannedForEncodings = 0;
			knownRegions = (
				en,
				Base,
			);
			mainGroup = 9FB2FE642C58EAED00332221;
			productRefGroup = 9FB2FE6E2C58EAED00332221 /* Products */;
			projectDirPath = "";
			projectRoot = "";
			targets = (
				9FB2FE6C2C58EAED00332221 /* CustomMenu */,
				9FB2FE7C2C58EAEF00332221 /* CustomMenuTests */,
				9FB2FE862C58EAEF00332221 /* CustomMenuUITests */,
			);
		};
/* End PBXProject section */

/* Begin PBXResourcesBuildPhase section */
		9FB2FE6B2C58EAED00332221 /* Resources */ = {
			isa = PBXResourcesBuildPhase;
			buildActionMask = 2147483647;
			files = (
				9FB2FE782C58EAEE00332221 /* Preview Assets.xcassets in Resources */,
				9FB2FE752C58EAEE00332221 /* Assets.xcassets in Resources */,
			);
			runOnlyForDeploymentPostprocessing = 0;
		};
		9FB2FE7B2C58EAEF00332221 /* Resources */ = {
			isa = PBXResourcesBuildPhase;
			buildActionMask = 2147483647;
			files = (
			);
			runOnlyForDeploymentPostprocessing = 0;
		};
		9FB2FE852C58EAEF00332221 /* Resources */ = {
			isa = PBXResourcesBuildPhase;
			buildActionMask = 2147483647;
			files = (
			);
			runOnlyForDeploymentPostprocessing = 0;
		};
/* End PBXResourcesBuildPhase section */

/* Begin PBXSourcesBuildPhase section */
		9FB2FE692C58EAED00332221 /* Sources */ = {
			isa = PBXSourcesBuildPhase;
			buildActionMask = 2147483647;
			files = (
				9FF824852C6F151D003CCBA6 /* sampleView.swift in Sources */,
				9FB2FE732C58EAED00332221 /* ContentView.swift in Sources */,
				9FB2FE712C58EAED00332221 /* CustomMenuApp.swift in Sources */,
			);
			runOnlyForDeploymentPostprocessing = 0;
		};
		9FB2FE792C58EAEF00332221 /* Sources */ = {
			isa = PBXSourcesBuildPhase;
			buildActionMask = 2147483647;
			files = (
				9FB2FE822C58EAEF00332221 /* CustomMenuTests.swift in Sources */,
			);
			runOnlyForDeploymentPostprocessing = 0;
		};
		9FB2FE832C58EAEF00332221 /* Sources */ = {
			isa = PBXSourcesBuildPhase;
			buildActionMask = 2147483647;
			files = (
				9FB2FE8E2C58EAEF00332221 /* CustomMenuUITestsLaunchTests.swift in Sources */,
				9FB2FE8C2C58EAEF00332221 /* CustomMenuUITests.swift in Sources */,
			);
			runOnlyForDeploymentPostprocessing = 0;
		};
/* End PBXSourcesBuildPhase section */

/* Begin PBXTargetDependency section */
		9FB2FE7F2C58EAEF00332221 /* PBXTargetDependency */ = {
			isa = PBXTargetDependency;
			target = 9FB2FE6C2C58EAED00332221 /* CustomMenu */;
			targetProxy = 9FB2FE7E2C58EAEF00332221 /* PBXContainerItemProxy */;
		};
		9FB2FE892C58EAEF00332221 /* PBXTargetDependency */ = {
			isa = PBXTargetDependency;
			target = 9FB2FE6C2C58EAED00332221 /* CustomMenu */;
			targetProxy = 9FB2FE882C58EAEF00332221 /* PBXContainerItemProxy */;
		};
/* End PBXTargetDependency section */

/* Begin XCBuildConfiguration section */
		9FB2FE8F2C58EAEF00332221 /* Debug */ = {
			isa = XCBuildConfiguration;
			buildSettings = {
				ALWAYS_SEARCH_USER_PATHS = NO;
				ASSETCATALOG_COMPILER_GENERATE_SWIFT_ASSET_SYMBOL_EXTENSIONS = YES;
				CLANG_ANALYZER_NONNULL = YES;
				CLANG_ANALYZER_NUMBER_OBJECT_CONVERSION = YES_AGGRESSIVE;
				CLANG_CXX_LANGUAGE_STANDARD = "gnu++20";
				CLANG_ENABLE_MODULES = YES;
				CLANG_ENABLE_OBJC_ARC = YES;
				CLANG_ENABLE_OBJC_WEAK = YES;
				CLANG_WARN_BLOCK_CAPTURE_AUTORELEASING = YES;
				CLANG_WARN_BOOL_CONVERSION = YES;
				CLANG_WARN_COMMA = YES;
				CLANG_WARN_CONSTANT_CONVERSION = YES;
				CLANG_WARN_DEPRECATED_OBJC_IMPLEMENTATIONS = YES;
				CLANG_WARN_DIRECT_OBJC_ISA_USAGE = YES_ERROR;
				CLANG_WARN_DOCUMENTATION_COMMENTS = YES;
				CLANG_WARN_EMPTY_BODY = YES;
				CLANG_WARN_ENUM_CONVERSION = YES;
				CLANG_WARN_INFINITE_RECURSION = YES;
				CLANG_WARN_INT_CONVERSION = YES;
				CLANG_WARN_NON_LITERAL_NULL_CONVERSION = YES;
				CLANG_WARN_OBJC_IMPLICIT_RETAIN_SELF = YES;
				CLANG_WARN_OBJC_LITERAL_CONVERSION = YES;
				CLANG_WARN_OBJC_ROOT_CLASS = YES_ERROR;
				CLANG_WARN_QUOTED_INCLUDE_IN_FRAMEWORK_HEADER = YES;
				CLANG_WARN_RANGE_LOOP_ANALYSIS = YES;
				CLANG_WARN_STRICT_PROTOTYPES = YES;
				CLANG_WARN_SUSPICIOUS_MOVE = YES;
				CLANG_WARN_UNGUARDED_AVAILABILITY = YES_AGGRESSIVE;
				CLANG_WARN_UNREACHABLE_CODE = YES;
				CLANG_WARN__DUPLICATE_METHOD_MATCH = YES;
				COPY_PHASE_STRIP = NO;
				DEBUG_INFORMATION_FORMAT = dwarf;
				ENABLE_STRICT_OBJC_MSGSEND = YES;
				ENABLE_TESTABILITY = YES;
				ENABLE_USER_SCRIPT_SANDBOXING = YES;
				GCC_C_LANGUAGE_STANDARD = gnu17;
				GCC_DYNAMIC_NO_PIC = NO;
				GCC_NO_COMMON_BLOCKS = YES;
				GCC_OPTIMIZATION_LEVEL = 0;
				GCC_PREPROCESSOR_DEFINITIONS = (
					"DEBUG=1",
					"$(inherited)",
				);
				GCC_WARN_64_TO_32_BIT_CONVERSION = YES;
				GCC_WARN_ABOUT_RETURN_TYPE = YES_ERROR;
				GCC_WARN_UNDECLARED_SELECTOR = YES;
				GCC_WARN_UNINITIALIZED_AUTOS = YES_AGGRESSIVE;
				GCC_WARN_UNUSED_FUNCTION = YES;
				GCC_WARN_UNUSED_VARIABLE = YES;
				IPHONEOS_DEPLOYMENT_TARGET = 17.2;
				LOCALIZATION_PREFERS_STRING_CATALOGS = YES;
				MTL_ENABLE_DEBUG_INFO = INCLUDE_SOURCE;
				MTL_FAST_MATH = YES;
				ONLY_ACTIVE_ARCH = YES;
				SDKROOT = iphoneos;
				SWIFT_ACTIVE_COMPILATION_CONDITIONS = "DEBUG $(inherited)";
				SWIFT_OPTIMIZATION_LEVEL = "-Onone";
			};
			name = Debug;
		};
		9FB2FE902C58EAEF00332221 /* Release */ = {
			isa = XCBuildConfiguration;
			buildSettings = {
				ALWAYS_SEARCH_USER_PATHS = NO;
				ASSETCATALOG_COMPILER_GENERATE_SWIFT_ASSET_SYMBOL_EXTENSIONS = YES;
				CLANG_ANALYZER_NONNULL = YES;
				CLANG_ANALYZER_NUMBER_OBJECT_CONVERSION = YES_AGGRESSIVE;
				CLANG_CXX_LANGUAGE_STANDARD = "gnu++20";
				CLANG_ENABLE_MODULES = YES;
				CLANG_ENABLE_OBJC_ARC = YES;
				CLANG_ENABLE_OBJC_WEAK = YES;
				CLANG_WARN_BLOCK_CAPTURE_AUTORELEASING = YES;
				CLANG_WARN_BOOL_CONVERSION = YES;
				CLANG_WARN_COMMA = YES;
				CLANG_WARN_CONSTANT_CONVERSION = YES;
				CLANG_WARN_DEPRECATED_OBJC_IMPLEMENTATIONS = YES;
				CLANG_WARN_DIRECT_OBJC_ISA_USAGE = YES_ERROR;
				CLANG_WARN_DOCUMENTATION_COMMENTS = YES;
				CLANG_WARN_EMPTY_BODY = YES;
				CLANG_WARN_ENUM_CONVERSION = YES;
				CLANG_WARN_INFINITE_RECURSION = YES;
				CLANG_WARN_INT_CONVERSION = YES;
				CLANG_WARN_NON_LITERAL_NULL_CONVERSION = YES;
				CLANG_WARN_OBJC_IMPLICIT_RETAIN_SELF = YES;
				CLANG_WARN_OBJC_LITERAL_CONVERSION = YES;
				CLANG_WARN_OBJC_ROOT_CLASS = YES_ERROR;
				CLANG_WARN_QUOTED_INCLUDE_IN_FRAMEWORK_HEADER = YES;
				CLANG_WARN_RANGE_LOOP_ANALYSIS = YES;
				CLANG_WARN_STRICT_PROTOTYPES = YES;
				CLANG_WARN_SUSPICIOUS_MOVE = YES;
				CLANG_WARN_UNGUARDED_AVAILABILITY = YES_AGGRESSIVE;
				CLANG_WARN_UNREACHABLE_CODE = YES;
				CLANG_WARN__DUPLICATE_METHOD_MATCH = YES;
				COPY_PHASE_STRIP = NO;
				DEBUG_INFORMATION_FORMAT = "dwarf-with-dsym";
				ENABLE_NS_ASSERTIONS = NO;
				ENABLE_STRICT_OBJC_MSGSEND = YES;
				ENABLE_USER_SCRIPT_SANDBOXING = YES;
				GCC_C_LANGUAGE_STANDARD = gnu17;
				GCC_NO_COMMON_BLOCKS = YES;
				GCC_WARN_64_TO_32_BIT_CONVERSION = YES;
				GCC_WARN_ABOUT_RETURN_TYPE = YES_ERROR;
				GCC_WARN_UNDECLARED_SELECTOR = YES;
				GCC_WARN_UNINITIALIZED_AUTOS = YES_AGGRESSIVE;
				GCC_WARN_UNUSED_FUNCTION = YES;
				GCC_WARN_UNUSED_VARIABLE = YES;
				IPHONEOS_DEPLOYMENT_TARGET = 17.2;
				LOCALIZATION_PREFERS_STRING_CATALOGS = YES;
				MTL_ENABLE_DEBUG_INFO = NO;
				MTL_FAST_MATH = YES;
				SDKROOT = iphoneos;
				SWIFT_COMPILATION_MODE = wholemodule;
				VALIDATE_PRODUCT = YES;
			};
			name = Release;
		};
		9FB2FE922C58EAEF00332221 /* Debug */ = {
			isa = XCBuildConfiguration;
			buildSettings = {
				ASSETCATALOG_COMPILER_APPICON_NAME = AppIcon;
				ASSETCATALOG_COMPILER_GLOBAL_ACCENT_COLOR_NAME = AccentColor;
				CODE_SIGN_STYLE = Automatic;
				CURRENT_PROJECT_VERSION = 1;
				DEVELOPMENT_ASSET_PATHS = "\"CustomMenu/Preview Content\"";
				DEVELOPMENT_TEAM = SY4CHD2YQ6;
				ENABLE_PREVIEWS = YES;
				GENERATE_INFOPLIST_FILE = YES;
				INFOPLIST_KEY_UIApplicationSceneManifest_Generation = YES;
				INFOPLIST_KEY_UIApplicationSupportsIndirectInputEvents = YES;
				INFOPLIST_KEY_UILaunchScreen_Generation = YES;
				INFOPLIST_KEY_UISupportedInterfaceOrientations_iPad = "UIInterfaceOrientationPortrait UIInterfaceOrientationPortraitUpsideDown UIInterfaceOrientationLandscapeLeft UIInterfaceOrientationLandscapeRight";
				INFOPLIST_KEY_UISupportedInterfaceOrientations_iPhone = "UIInterfaceOrientationPortrait UIInterfaceOrientationLandscapeLeft UIInterfaceOrientationLandscapeRight";
				LD_RUNPATH_SEARCH_PATHS = (
					"$(inherited)",
					"@executable_path/Frameworks",
				);
				MARKETING_VERSION = 1.0;
				PRODUCT_BUNDLE_IDENTIFIER = Arjunan.CustomMenu;
				PRODUCT_NAME = "$(TARGET_NAME)";
				SWIFT_EMIT_LOC_STRINGS = YES;
				SWIFT_VERSION = 5.0;
				TARGETED_DEVICE_FAMILY = "1,2";
			};
			name = Debug;
		};
		9FB2FE932C58EAEF00332221 /* Release */ = {
			isa = XCBuildConfiguration;
			buildSettings = {
				ASSETCATALOG_COMPILER_APPICON_NAME = AppIcon;
				ASSETCATALOG_COMPILER_GLOBAL_ACCENT_COLOR_NAME = AccentColor;
				CODE_SIGN_STYLE = Automatic;
				CURRENT_PROJECT_VERSION = 1;
				DEVELOPMENT_ASSET_PATHS = "\"CustomMenu/Preview Content\"";
				DEVELOPMENT_TEAM = SY4CHD2YQ6;
				ENABLE_PREVIEWS = YES;
				GENERATE_INFOPLIST_FILE = YES;
				INFOPLIST_KEY_UIApplicationSceneManifest_Generation = YES;
				INFOPLIST_KEY_UIApplicationSupportsIndirectInputEvents = YES;
				INFOPLIST_KEY_UILaunchScreen_Generation = YES;
				INFOPLIST_KEY_UISupportedInterfaceOrientations_iPad = "UIInterfaceOrientationPortrait UIInterfaceOrientationPortraitUpsideDown UIInterfaceOrientationLandscapeLeft UIInterfaceOrientationLandscapeRight";
				INFOPLIST_KEY_UISupportedInterfaceOrientations_iPhone = "UIInterfaceOrientationPortrait UIInterfaceOrientationLandscapeLeft UIInterfaceOrientationLandscapeRight";
				LD_RUNPATH_SEARCH_PATHS = (
					"$(inherited)",
					"@executable_path/Frameworks",
				);
				MARKETING_VERSION = 1.0;
				PRODUCT_BUNDLE_IDENTIFIER = Arjunan.CustomMenu;
				PRODUCT_NAME = "$(TARGET_NAME)";
				SWIFT_EMIT_LOC_STRINGS = YES;
				SWIFT_VERSION = 5.0;
				TARGETED_DEVICE_FAMILY = "1,2";
			};
			name = Release;
		};
		9FB2FE952C58EAEF00332221 /* Debug */ = {
			isa = XCBuildConfiguration;
			buildSettings = {
				ALWAYS_EMBED_SWIFT_STANDARD_LIBRARIES = YES;
				BUNDLE_LOADER = "$(TEST_HOST)";
				CODE_SIGN_STYLE = Automatic;
				CURRENT_PROJECT_VERSION = 1;
				DEVELOPMENT_TEAM = SY4CHD2YQ6;
				GENERATE_INFOPLIST_FILE = YES;
				IPHONEOS_DEPLOYMENT_TARGET = 17.2;
				MARKETING_VERSION = 1.0;
				PRODUCT_BUNDLE_IDENTIFIER = Arjunan.CustomMenuTests;
				PRODUCT_NAME = "$(TARGET_NAME)";
				SWIFT_EMIT_LOC_STRINGS = NO;
				SWIFT_VERSION = 5.0;
				TARGETED_DEVICE_FAMILY = "1,2";
				TEST_HOST = "$(BUILT_PRODUCTS_DIR)/CustomMenu.app/$(BUNDLE_EXECUTABLE_FOLDER_PATH)/CustomMenu";
			};
			name = Debug;
		};
		9FB2FE962C58EAEF00332221 /* Release */ = {
			isa = XCBuildConfiguration;
			buildSettings = {
				ALWAYS_EMBED_SWIFT_STANDARD_LIBRARIES = YES;
				BUNDLE_LOADER = "$(TEST_HOST)";
				CODE_SIGN_STYLE = Automatic;
				CURRENT_PROJECT_VERSION = 1;
				DEVELOPMENT_TEAM = SY4CHD2YQ6;
				GENERATE_INFOPLIST_FILE = YES;
				IPHONEOS_DEPLOYMENT_TARGET = 17.2;
				MARKETING_VERSION = 1.0;
				PRODUCT_BUNDLE_IDENTIFIER = Arjunan.CustomMenuTests;
				PRODUCT_NAME = "$(TARGET_NAME)";
				SWIFT_EMIT_LOC_STRINGS = NO;
				SWIFT_VERSION = 5.0;
				TARGETED_DEVICE_FAMILY = "1,2";
				TEST_HOST = "$(BUILT_PRODUCTS_DIR)/CustomMenu.app/$(BUNDLE_EXECUTABLE_FOLDER_PATH)/CustomMenu";
			};
			name = Release;
		};
		9FB2FE982C58EAEF00332221 /* Debug */ = {
			isa = XCBuildConfiguration;
			buildSettings = {
				ALWAYS_EMBED_SWIFT_STANDARD_LIBRARIES = YES;
				CODE_SIGN_STYLE = Automatic;
				CURRENT_PROJECT_VERSION = 1;
				DEVELOPMENT_TEAM = SY4CHD2YQ6;
				GENERATE_INFOPLIST_FILE = YES;
				MARKETING_VERSION = 1.0;
				PRODUCT_BUNDLE_IDENTIFIER = Arjunan.CustomMenuUITests;
				PRODUCT_NAME = "$(TARGET_NAME)";
				SWIFT_EMIT_LOC_STRINGS = NO;
				SWIFT_VERSION = 5.0;
				TARGETED_DEVICE_FAMILY = "1,2";
				TEST_TARGET_NAME = CustomMenu;
			};
			name = Debug;
		};
		9FB2FE992C58EAEF00332221 /* Release */ = {
			isa = XCBuildConfiguration;
			buildSettings = {
				ALWAYS_EMBED_SWIFT_STANDARD_LIBRARIES = YES;
				CODE_SIGN_STYLE = Automatic;
				CURRENT_PROJECT_VERSION = 1;
				DEVELOPMENT_TEAM = SY4CHD2YQ6;
				GENERATE_INFOPLIST_FILE = YES;
				MARKETING_VERSION = 1.0;
				PRODUCT_BUNDLE_IDENTIFIER = Arjunan.CustomMenuUITests;
				PRODUCT_NAME = "$(TARGET_NAME)";
				SWIFT_EMIT_LOC_STRINGS = NO;
				SWIFT_VERSION = 5.0;
				TARGETED_DEVICE_FAMILY = "1,2";
				TEST_TARGET_NAME = CustomMenu;
			};
			name = Release;
		};
/* End XCBuildConfiguration section */

/* Begin XCConfigurationList section */
		9FB2FE682C58EAED00332221 /* Build configuration list for PBXProject "CustomMenu" */ = {
			isa = XCConfigurationList;
			buildConfigurations = (
				9FB2FE8F2C58EAEF00332221 /* Debug */,
				9FB2FE902C58EAEF00332221 /* Release */,
			);
			defaultConfigurationIsVisible = 0;
			defaultConfigurationName = Release;
		};
		9FB2FE912C58EAEF00332221 /* Build configuration list for PBXNativeTarget "CustomMenu" */ = {
			isa = XCConfigurationList;
			buildConfigurations = (
				9FB2FE922C58EAEF00332221 /* Debug */,
				9FB2FE932C58EAEF00332221 /* Release */,
			);
			defaultConfigurationIsVisible = 0;
			defaultConfigurationName = Release;
		};
		9FB2FE942C58EAEF00332221 /* Build configuration list for PBXNativeTarget "CustomMenuTests" */ = {
			isa = XCConfigurationList;
			buildConfigurations = (
				9FB2FE952C58EAEF00332221 /* Debug */,
				9FB2FE962C58EAEF00332221 /* Release */,
			);
			defaultConfigurationIsVisible = 0;
			defaultConfigurationName = Release;
		};
		9FB2FE972C58EAEF00332221 /* Build configuration list for PBXNativeTarget "CustomMenuUITests" */ = {
			isa = XCConfigurationList;
			buildConfigurations = (
				9FB2FE982C58EAEF00332221 /* Debug */,
				9FB2FE992C58EAEF00332221 /* Release */,
			);
			defaultConfigurationIsVisible = 0;
			defaultConfigurationName = Release;
		};
/* End XCConfigurationList section */
	};
	rootObject = 9FB2FE652C58EAED00332221 /* Project object */;
}
